
Microsoft Visual Studio Solution File, Format Version 12.00
# Visual Studio Version 16
VisualStudioVersion = 16.0.30523.141
MinimumVisualStudioVersion = 10.0.40219.1
Project("{FAE04EC0-301F-11D3-BF4B-00C04F79EFBC}") = "CRUD", "CRUD\CRUD.csproj", "{56AE64EE-8721-437E-9E4E-38BC91DC4C66}"
EndProject
Global
	GlobalSection(SolutionConfigurationPlatforms) = preSolution
		Debug|Any CPU = Debug|Any CPU
		Release|Any CPU = Release|Any CPU
	EndGlobalSection
	GlobalSection(ProjectConfigurationPlatforms) = postSolution
		{56AE64EE-8721-437E-9E4E-38BC91DC4C66}.Debug|Any CPU.ActiveCfg = Debug|Any CPU
		{56AE64EE-8721-437E-9E4E-38BC91DC4C66}.Debug|Any CPU.Build.0 = Debug|Any CPU
		{56AE64EE-8721-437E-9E4E-38BC91DC4C66}.Release|Any CPU.ActiveCfg = Release|Any CPU
		{56AE64EE-8721-437E-9E4E-38BC91DC4C66}.Release|Any CPU.Build.0 = Release|Any CPU
	EndGlobalSection
	GlobalSection(SolutionProperties) = preSolution
		HideSolutionNode = FALSE
	EndGlobalSection
	GlobalSection(ExtensibilityGlobals) = postSolution
		SolutionGuid = {F193E767-BF04-4C93-A7C9-52887F1AE3F6}
	EndGlobalSection
EndGlobal
